
Microsoft Visual Studio Solution File, Format Version 12.00
# Visual Studio Version 16
VisualStudioVersion = 16.0.29613.14
MinimumVisualStudioVersion = 10.0.40219.1
Project("{9A19103F-16F7-4668-BE54-9A1E7A4F7556}") = "LittleTestCreator.Shared", "LittleTestCreator.Shared\LittleTestCreator.Shared.csproj", "{A5100487-E086-4A1F-BC09-8AC05E62B59A}"
EndProject
Project("{FAE04EC0-301F-11D3-BF4B-00C04F79EFBC}") = "LittleTestCreator.InputConverter.OSConcepts", "LittleTestCreator.InputConverter.OSConcepts\LittleTestCreator.InputConverter.OSConcepts.csproj", "{CFCCBBAF-1475-43D0-BBC2-DC428FE064C8}"
EndProject
Project("{FAE04EC0-301F-11D3-BF4B-00C04F79EFBC}") = "LittleTestCreator.InputConverter.Kitty", "LittleTestCreator.InputConverter.Kitty\LittleTestCreator.InputConverter.Kitty.csproj", "{43BA32F2-A391-4A77-939D-F9BCBD883E56}"
EndProject
Project("{FAE04EC0-301F-11D3-BF4B-00C04F79EFBC}") = "LittleTestCreator.OutputFormatter.Brightspace", "LittleTestCreator.OutputFormatter.Brightspace\LittleTestCreator.OutputFormatter.Brightspace.csproj", "{0883B610-A0D9-43B7-83DC-C922808E05E6}"
EndProject
Project("{9A19103F-16F7-4668-BE54-9A1E7A4F7556}") = "LittleTestCreator.InputConverter.Kahoot", "LittleTestCreator.InputConverter.Kahoot\LittleTestCreator.InputConverter.Kahoot.csproj", "{54DBC551-2985-4FF8-9962-20FBB076B6F4}"
EndProject
Project("{9A19103F-16F7-4668-BE54-9A1E7A4F7556}") = "LittleTestCreator.GUI", "LittleTestCreator.GUI\LittleTestCreator.GUI.csproj", "{65E50333-AD5C-4CB9-961B-FAC89F0E1BA8}"
EndProject
Project("{2150E333-8FDC-42A3-9474-1A3956D46DE8}") = "Solution Items", "Solution Items", "{B710804D-80AA-4A08-B978-F133E1BA7756}"
	ProjectSection(SolutionItems) = preProject
		README.md = README.md
	EndProjectSection
EndProject
Project("{9A19103F-16F7-4668-BE54-9A1E7A4F7556}") = "LittleTestCreator.Console", "LittleTestCreator.Console\LittleTestCreator.Console.csproj", "{944B8FCE-1C66-46E7-A4D2-C243F55D8FA6}"
EndProject
Global
	GlobalSection(SolutionConfigurationPlatforms) = preSolution
		Debug|Any CPU = Debug|Any CPU
		Release|Any CPU = Release|Any CPU
	EndGlobalSection
	GlobalSection(ProjectConfigurationPlatforms) = postSolution
		{A5100487-E086-4A1F-BC09-8AC05E62B59A}.Debug|Any CPU.ActiveCfg = Debug|Any CPU
		{A5100487-E086-4A1F-BC09-8AC05E62B59A}.Debug|Any CPU.Build.0 = Debug|Any CPU
		{A5100487-E086-4A1F-BC09-8AC05E62B59A}.Release|Any CPU.ActiveCfg = Release|Any CPU
		{A5100487-E086-4A1F-BC09-8AC05E62B59A}.Release|Any CPU.Build.0 = Release|Any CPU
		{CFCCBBAF-1475-43D0-BBC2-DC428FE064C8}.Debug|Any CPU.ActiveCfg = Debug|Any CPU
		{CFCCBBAF-1475-43D0-BBC2-DC428FE064C8}.Debug|Any CPU.Build.0 = Debug|Any CPU
		{CFCCBBAF-1475-43D0-BBC2-DC428FE064C8}.Release|Any CPU.ActiveCfg = Release|Any CPU
		{CFCCBBAF-1475-43D0-BBC2-DC428FE064C8}.Release|Any CPU.Build.0 = Release|Any CPU
		{43BA32F2-A391-4A77-939D-F9BCBD883E56}.Debug|Any CPU.ActiveCfg = Debug|Any CPU
		{43BA32F2-A391-4A77-939D-F9BCBD883E56}.Debug|Any CPU.Build.0 = Debug|Any CPU
		{43BA32F2-A391-4A77-939D-F9BCBD883E56}.Release|Any CPU.ActiveCfg = Release|Any CPU
		{43BA32F2-A391-4A77-939D-F9BCBD883E56}.Release|Any CPU.Build.0 = Release|Any CPU
		{0883B610-A0D9-43B7-83DC-C922808E05E6}.Debug|Any CPU.ActiveCfg = Debug|Any CPU
		{0883B610-A0D9-43B7-83DC-C922808E05E6}.Debug|Any CPU.Build.0 = Debug|Any CPU
		{0883B610-A0D9-43B7-83DC-C922808E05E6}.Release|Any CPU.ActiveCfg = Release|Any CPU
		{0883B610-A0D9-43B7-83DC-C922808E05E6}.Release|Any CPU.Build.0 = Release|Any CPU
		{54DBC551-2985-4FF8-9962-20FBB076B6F4}.Debug|Any CPU.ActiveCfg = Debug|Any CPU
		{54DBC551-2985-4FF8-9962-20FBB076B6F4}.Debug|Any CPU.Build.0 = Debug|Any CPU
		{54DBC551-2985-4FF8-9962-20FBB076B6F4}.Release|Any CPU.ActiveCfg = Release|Any CPU
		{54DBC551-2985-4FF8-9962-20FBB076B6F4}.Release|Any CPU.Build.0 = Release|Any CPU
		{65E50333-AD5C-4CB9-961B-FAC89F0E1BA8}.Debug|Any CPU.ActiveCfg = Debug|Any CPU
		{65E50333-AD5C-4CB9-961B-FAC89F0E1BA8}.Debug|Any CPU.Build.0 = Debug|Any CPU
		{65E50333-AD5C-4CB9-961B-FAC89F0E1BA8}.Release|Any CPU.ActiveCfg = Release|Any CPU
		{65E50333-AD5C-4CB9-961B-FAC89F0E1BA8}.Release|Any CPU.Build.0 = Release|Any CPU
		{944B8FCE-1C66-46E7-A4D2-C243F55D8FA6}.Debug|Any CPU.ActiveCfg = Debug|Any CPU
		{944B8FCE-1C66-46E7-A4D2-C243F55D8FA6}.Debug|Any CPU.Build.0 = Debug|Any CPU
		{944B8FCE-1C66-46E7-A4D2-C243F55D8FA6}.Release|Any CPU.ActiveCfg = Release|Any CPU
		{944B8FCE-1C66-46E7-A4D2-C243F55D8FA6}.Release|Any CPU.Build.0 = Release|Any CPU
	EndGlobalSection
	GlobalSection(SolutionProperties) = preSolution
		HideSolutionNode = FALSE
	EndGlobalSection
	GlobalSection(ExtensibilityGlobals) = postSolution
		SolutionGuid = {A4F976BC-F0AC-4989-B380-5850FB173FB6}
	EndGlobalSection
EndGlobal
